
Microsoft Visual Studio Solution File, Format Version 12.00
# Visual Studio 15
VisualStudioVersion = 15.0.27703.2047
MinimumVisualStudioVersion = 10.0.40219.1
Project("{FAE04EC0-301F-11D3-BF4B-00C04F79EFBC}") = "ComicBookStore", "ComicBookStore\ComicBookStore.csproj", "{9224845F-502D-4668-B98E-5845A76C379A}"
EndProject
Global
	GlobalSection(SolutionConfigurationPlatforms) = preSolution
		Debug|Any CPU = Debug|Any CPU
		Release|Any CPU = Release|Any CPU
	EndGlobalSection
	GlobalSection(ProjectConfigurationPlatforms) = postSolution
		{9224845F-502D-4668-B98E-5845A76C379A}.Debug|Any CPU.ActiveCfg = Debug|Any CPU
		{9224845F-502D-4668-B98E-5845A76C379A}.Debug|Any CPU.Build.0 = Debug|Any CPU
		{9224845F-502D-4668-B98E-5845A76C379A}.Release|Any CPU.ActiveCfg = Release|Any CPU
		{9224845F-502D-4668-B98E-5845A76C379A}.Release|Any CPU.Build.0 = Release|Any CPU
	EndGlobalSection
	GlobalSection(SolutionProperties) = preSolution
		HideSolutionNode = FALSE
	EndGlobalSection
	GlobalSection(ExtensibilityGlobals) = postSolution
		SolutionGuid = {C073F212-120E-4912-96B8-DE8019017E93}
	EndGlobalSection
EndGlobal
